
Microsoft Visual Studio Solution File, Format Version 12.00
# Visual Studio Version 17
VisualStudioVersion = 17.13.35913.81 d17.13
MinimumVisualStudioVersion = 10.0.40219.1
Project("{FAE04EC0-301F-11D3-BF4B-00C04F79EFBC}") = "MapVote", "MapVote.csproj", "{8CD8BBFC-7D15-300A-FB69-8EA620B2C2FF}"
EndProject
Global
	GlobalSection(SolutionConfigurationPlatforms) = preSolution
		Debug|Any CPU = Debug|Any CPU
		Release|Any CPU = Release|Any CPU
	EndGlobalSection
	GlobalSection(ProjectConfigurationPlatforms) = postSolution
		{8CD8BBFC-7D15-300A-FB69-8EA620B2C2FF}.Debug|Any CPU.ActiveCfg = Debug|Any CPU
		{8CD8BBFC-7D15-300A-FB69-8EA620B2C2FF}.Debug|Any CPU.Build.0 = Debug|Any CPU
		{8CD8BBFC-7D15-300A-FB69-8EA620B2C2FF}.Release|Any CPU.ActiveCfg = Release|Any CPU
		{8CD8BBFC-7D15-300A-FB69-8EA620B2C2FF}.Release|Any CPU.Build.0 = Release|Any CPU
	EndGlobalSection
	GlobalSection(SolutionProperties) = preSolution
		HideSolutionNode = FALSE
	EndGlobalSection
	GlobalSection(ExtensibilityGlobals) = postSolution
		SolutionGuid = {1529EAF0-1FB1-4F51-AA6A-E60F4F40A15C}
	EndGlobalSection
EndGlobal
